
Microsoft Visual Studio Solution File, Format Version 12.00
# Visual Studio Version 16
VisualStudioVersion = 16.0.30907.101
MinimumVisualStudioVersion = 10.0.40219.1
Project("{9A19103F-16F7-4668-BE54-9A1E7A4F7556}") = "DataAccess", "DataAccess\DataAccess.csproj", "{737B5F4D-3322-426E-A31C-BCE4EBF35648}"
EndProject
Project("{2150E333-8FDC-42A3-9474-1A3956D46DE8}") = "Services", "Services", "{D772D0EC-0B55-48EB-8B66-478D79A5B992}"
EndProject
Project("{2150E333-8FDC-42A3-9474-1A3956D46DE8}") = "Database", "Database", "{1BDEC99E-A910-4EFB-A6F2-AEB7F830041C}"
	ProjectSection(SolutionItems) = preProject
		db_scripts\docker-entrypoint-initdb.sql = db_scripts\docker-entrypoint-initdb.sql
	EndProjectSection
EndProject
Project("{9A19103F-16F7-4668-BE54-9A1E7A4F7556}") = "Todos.Api", "TodosMicroService\Todos.Api.csproj", "{DC77C1AF-9EBB-4D34-8656-C85D44DCA88B}"
EndProject
Project("{9A19103F-16F7-4668-BE54-9A1E7A4F7556}") = "ServiceTestHarness", "TestHarness\ServiceTestHarness.csproj", "{0F34C52D-3225-4DB0-8073-6F8AA23747FC}"
EndProject
Project("{2150E333-8FDC-42A3-9474-1A3956D46DE8}") = "Docs", "Docs", "{A7834C2E-28E5-49EB-BC1A-11DFB626EB39}"
EndProject
Project("{E53339B2-1760-4266-BCC7-CA923CBCF16C}") = "docker-compose", "docker-compose.dcproj", "{ADBF3D44-A25F-40B6-BB1C-0C7C1A9BCD47}"
EndProject
Project("{2150E333-8FDC-42A3-9474-1A3956D46DE8}") = "db_scripts", "db_scripts", "{78A985BA-9E52-4868-B0FC-E9366D46713B}"
	ProjectSection(SolutionItems) = preProject
		db_scripts\docker-entrypoint-initdb.sql = db_scripts\docker-entrypoint-initdb.sql
	EndProjectSection
EndProject
Global
	GlobalSection(SolutionConfigurationPlatforms) = preSolution
		Debug|Any CPU = Debug|Any CPU
		Release|Any CPU = Release|Any CPU
	EndGlobalSection
	GlobalSection(ProjectConfigurationPlatforms) = postSolution
		{737B5F4D-3322-426E-A31C-BCE4EBF35648}.Debug|Any CPU.ActiveCfg = Debug|Any CPU
		{737B5F4D-3322-426E-A31C-BCE4EBF35648}.Debug|Any CPU.Build.0 = Debug|Any CPU
		{737B5F4D-3322-426E-A31C-BCE4EBF35648}.Release|Any CPU.ActiveCfg = Release|Any CPU
		{737B5F4D-3322-426E-A31C-BCE4EBF35648}.Release|Any CPU.Build.0 = Release|Any CPU
		{DC77C1AF-9EBB-4D34-8656-C85D44DCA88B}.Debug|Any CPU.ActiveCfg = Debug|Any CPU
		{DC77C1AF-9EBB-4D34-8656-C85D44DCA88B}.Debug|Any CPU.Build.0 = Debug|Any CPU
		{DC77C1AF-9EBB-4D34-8656-C85D44DCA88B}.Release|Any CPU.ActiveCfg = Release|Any CPU
		{DC77C1AF-9EBB-4D34-8656-C85D44DCA88B}.Release|Any CPU.Build.0 = Release|Any CPU
		{0F34C52D-3225-4DB0-8073-6F8AA23747FC}.Debug|Any CPU.ActiveCfg = Debug|Any CPU
		{0F34C52D-3225-4DB0-8073-6F8AA23747FC}.Debug|Any CPU.Build.0 = Debug|Any CPU
		{0F34C52D-3225-4DB0-8073-6F8AA23747FC}.Release|Any CPU.ActiveCfg = Release|Any CPU
		{0F34C52D-3225-4DB0-8073-6F8AA23747FC}.Release|Any CPU.Build.0 = Release|Any CPU
		{ADBF3D44-A25F-40B6-BB1C-0C7C1A9BCD47}.Debug|Any CPU.ActiveCfg = Debug|Any CPU
		{ADBF3D44-A25F-40B6-BB1C-0C7C1A9BCD47}.Debug|Any CPU.Build.0 = Debug|Any CPU
		{ADBF3D44-A25F-40B6-BB1C-0C7C1A9BCD47}.Release|Any CPU.ActiveCfg = Release|Any CPU
		{ADBF3D44-A25F-40B6-BB1C-0C7C1A9BCD47}.Release|Any CPU.Build.0 = Release|Any CPU
	EndGlobalSection
	GlobalSection(SolutionProperties) = preSolution
		HideSolutionNode = FALSE
	EndGlobalSection
	GlobalSection(NestedProjects) = preSolution
		{737B5F4D-3322-426E-A31C-BCE4EBF35648} = {1BDEC99E-A910-4EFB-A6F2-AEB7F830041C}
		{DC77C1AF-9EBB-4D34-8656-C85D44DCA88B} = {D772D0EC-0B55-48EB-8B66-478D79A5B992}
		{0F34C52D-3225-4DB0-8073-6F8AA23747FC} = {D772D0EC-0B55-48EB-8B66-478D79A5B992}
		{78A985BA-9E52-4868-B0FC-E9366D46713B} = {1BDEC99E-A910-4EFB-A6F2-AEB7F830041C}
	EndGlobalSection
	GlobalSection(ExtensibilityGlobals) = postSolution
		SolutionGuid = {A23A1E03-D496-4135-A7DB-8E52ADC0E392}
	EndGlobalSection
EndGlobal
